
Microsoft Visual Studio Solution File, Format Version 12.00
# Visual Studio Version 17
VisualStudioVersion = 17.3.32929.385
MinimumVisualStudioVersion = 10.0.40219.1
Project("{FAE04EC0-301F-11D3-BF4B-00C04F79EFBC}") = "Number Guesser", "Number Guesser\Number Guesser.csproj", "{53AD0B51-8667-4C58-93A5-A6DC50573CF7}"
EndProject
Global
	GlobalSection(SolutionConfigurationPlatforms) = preSolution
		Debug|Any CPU = Debug|Any CPU
		Release|Any CPU = Release|Any CPU
	EndGlobalSection
	GlobalSection(ProjectConfigurationPlatforms) = postSolution
		{53AD0B51-8667-4C58-93A5-A6DC50573CF7}.Debug|Any CPU.ActiveCfg = Debug|Any CPU
		{53AD0B51-8667-4C58-93A5-A6DC50573CF7}.Debug|Any CPU.Build.0 = Debug|Any CPU
		{53AD0B51-8667-4C58-93A5-A6DC50573CF7}.Release|Any CPU.ActiveCfg = Release|Any CPU
		{53AD0B51-8667-4C58-93A5-A6DC50573CF7}.Release|Any CPU.Build.0 = Release|Any CPU
	EndGlobalSection
	GlobalSection(SolutionProperties) = preSolution
		HideSolutionNode = FALSE
	EndGlobalSection
	GlobalSection(ExtensibilityGlobals) = postSolution
		SolutionGuid = {E1396FF6-2EB2-41E0-9397-1B3C32F23838}
	EndGlobalSection
EndGlobal
